
Microsoft Visual Studio Solution File, Format Version 12.00
# Visual Studio 2012
Project("{FAE04EC0-301F-11D3-BF4B-00C04F79EFBC}") = "Query.Core", "Query.Core\Query.Core.csproj", "{A3C233F5-977A-4877-845C-317C9A2BB968}"
EndProject
Project("{FAE04EC0-301F-11D3-BF4B-00C04F79EFBC}") = "Query.Common", "Query.Common\Query.Common.csproj", "{322B2398-6E88-4644-8040-CF5B25408811}"
EndProject
Project("{FAE04EC0-301F-11D3-BF4B-00C04F79EFBC}") = "Query.Common.Web", "Query.Common.Web\Query.Common.Web.csproj", "{F3F2AC0F-0707-4007-B952-F82CE9759FCE}"
EndProject
Project("{FAE04EC0-301F-11D3-BF4B-00C04F79EFBC}") = "Query.Test", "Query.Test\Query.Test.csproj", "{13068568-94A0-4093-B051-D819CF205AD1}"
EndProject
Project("{FAE04EC0-301F-11D3-BF4B-00C04F79EFBC}") = "Query.Web", "Query.Web\Query.Web.csproj", "{CC117E78-ACDA-4993-BF8B-1B8A5E7D8D35}"
EndProject
Project("{FAE04EC0-301F-11D3-BF4B-00C04F79EFBC}") = "Query.Sample.Model", "Query.Sample.Model\Query.Sample.Model.csproj", "{F6B6FC52-EF63-4B12-BAC8-EE4854DA6A55}"
EndProject
Project("{2150E333-8FDC-42A3-9474-1A3956D46DE8}") = ".nuget", ".nuget", "{684B9714-21CC-405A-BE3E-E6D1F6DB342B}"
	ProjectSection(SolutionItems) = preProject
		.nuget\NuGet.Config = .nuget\NuGet.Config
		.nuget\NuGet.exe = .nuget\NuGet.exe
		.nuget\NuGet.targets = .nuget\NuGet.targets
	EndProjectSection
EndProject
Project("{FAE04EC0-301F-11D3-BF4B-00C04F79EFBC}") = "Query.Common.Test", "Query.Common.Test\Query.Common.Test.csproj", "{C9502884-52D8-4FC5-8AB4-5165BF420109}"
EndProject
Project("{FAE04EC0-301F-11D3-BF4B-00C04F79EFBC}") = "Query.Sample.WebSite40", "Query.Sample.WebSite40\Query.Sample.WebSite40.csproj", "{4E83F8BF-7DF4-4B56-B42B-C4DA9F5C52F7}"
EndProject
Project("{2150E333-8FDC-42A3-9474-1A3956D46DE8}") = "Sample", "Sample", "{8BBE4D37-5E81-4428-AB82-70EE48153317}"
EndProject
Global
	GlobalSection(SolutionConfigurationPlatforms) = preSolution
		Debug|Any CPU = Debug|Any CPU
		Release|Any CPU = Release|Any CPU
	EndGlobalSection
	GlobalSection(ProjectConfigurationPlatforms) = postSolution
		{A3C233F5-977A-4877-845C-317C9A2BB968}.Debug|Any CPU.ActiveCfg = Debug|Any CPU
		{A3C233F5-977A-4877-845C-317C9A2BB968}.Debug|Any CPU.Build.0 = Debug|Any CPU
		{A3C233F5-977A-4877-845C-317C9A2BB968}.Release|Any CPU.ActiveCfg = Release|Any CPU
		{A3C233F5-977A-4877-845C-317C9A2BB968}.Release|Any CPU.Build.0 = Release|Any CPU
		{322B2398-6E88-4644-8040-CF5B25408811}.Debug|Any CPU.ActiveCfg = Debug|Any CPU
		{322B2398-6E88-4644-8040-CF5B25408811}.Debug|Any CPU.Build.0 = Debug|Any CPU
		{322B2398-6E88-4644-8040-CF5B25408811}.Release|Any CPU.ActiveCfg = Release|Any CPU
		{322B2398-6E88-4644-8040-CF5B25408811}.Release|Any CPU.Build.0 = Release|Any CPU
		{F3F2AC0F-0707-4007-B952-F82CE9759FCE}.Debug|Any CPU.ActiveCfg = Debug|Any CPU
		{F3F2AC0F-0707-4007-B952-F82CE9759FCE}.Debug|Any CPU.Build.0 = Debug|Any CPU
		{F3F2AC0F-0707-4007-B952-F82CE9759FCE}.Release|Any CPU.ActiveCfg = Release|Any CPU
		{F3F2AC0F-0707-4007-B952-F82CE9759FCE}.Release|Any CPU.Build.0 = Release|Any CPU
		{13068568-94A0-4093-B051-D819CF205AD1}.Debug|Any CPU.ActiveCfg = Debug|Any CPU
		{13068568-94A0-4093-B051-D819CF205AD1}.Debug|Any CPU.Build.0 = Debug|Any CPU
		{13068568-94A0-4093-B051-D819CF205AD1}.Release|Any CPU.ActiveCfg = Release|Any CPU
		{13068568-94A0-4093-B051-D819CF205AD1}.Release|Any CPU.Build.0 = Release|Any CPU
		{CC117E78-ACDA-4993-BF8B-1B8A5E7D8D35}.Debug|Any CPU.ActiveCfg = Debug|Any CPU
		{CC117E78-ACDA-4993-BF8B-1B8A5E7D8D35}.Debug|Any CPU.Build.0 = Debug|Any CPU
		{CC117E78-ACDA-4993-BF8B-1B8A5E7D8D35}.Release|Any CPU.ActiveCfg = Release|Any CPU
		{CC117E78-ACDA-4993-BF8B-1B8A5E7D8D35}.Release|Any CPU.Build.0 = Release|Any CPU
		{F6B6FC52-EF63-4B12-BAC8-EE4854DA6A55}.Debug|Any CPU.ActiveCfg = Debug|Any CPU
		{F6B6FC52-EF63-4B12-BAC8-EE4854DA6A55}.Debug|Any CPU.Build.0 = Debug|Any CPU
		{F6B6FC52-EF63-4B12-BAC8-EE4854DA6A55}.Release|Any CPU.ActiveCfg = Release|Any CPU
		{F6B6FC52-EF63-4B12-BAC8-EE4854DA6A55}.Release|Any CPU.Build.0 = Release|Any CPU
		{C9502884-52D8-4FC5-8AB4-5165BF420109}.Debug|Any CPU.ActiveCfg = Debug|Any CPU
		{C9502884-52D8-4FC5-8AB4-5165BF420109}.Debug|Any CPU.Build.0 = Debug|Any CPU
		{C9502884-52D8-4FC5-8AB4-5165BF420109}.Release|Any CPU.ActiveCfg = Release|Any CPU
		{C9502884-52D8-4FC5-8AB4-5165BF420109}.Release|Any CPU.Build.0 = Release|Any CPU
		{4E83F8BF-7DF4-4B56-B42B-C4DA9F5C52F7}.Debug|Any CPU.ActiveCfg = Debug|Any CPU
		{4E83F8BF-7DF4-4B56-B42B-C4DA9F5C52F7}.Debug|Any CPU.Build.0 = Debug|Any CPU
		{4E83F8BF-7DF4-4B56-B42B-C4DA9F5C52F7}.Release|Any CPU.ActiveCfg = Release|Any CPU
		{4E83F8BF-7DF4-4B56-B42B-C4DA9F5C52F7}.Release|Any CPU.Build.0 = Release|Any CPU
	EndGlobalSection
	GlobalSection(SolutionProperties) = preSolution
		HideSolutionNode = FALSE
	EndGlobalSection
	GlobalSection(NestedProjects) = preSolution
		{4E83F8BF-7DF4-4B56-B42B-C4DA9F5C52F7} = {8BBE4D37-5E81-4428-AB82-70EE48153317}
		{F6B6FC52-EF63-4B12-BAC8-EE4854DA6A55} = {8BBE4D37-5E81-4428-AB82-70EE48153317}
	EndGlobalSection
EndGlobal
